
Microsoft Visual Studio Solution File, Format Version 12.00
# Visual Studio Version 16
VisualStudioVersion = 16.0.810.21
MinimumVisualStudioVersion = 10.0.40219.1
Project("{FAE04EC0-301F-11D3-BF4B-00C04F79EFBC}") = "RandomizerConsole", "RandomizerConsole.csproj", "{244A7883-E5B1-4A97-893C-C8321F7129B7}"
EndProject
Global
	GlobalSection(SolutionConfigurationPlatforms) = preSolution
		Debug|Any CPU = Debug|Any CPU
		Release|Any CPU = Release|Any CPU
	EndGlobalSection
	GlobalSection(ProjectConfigurationPlatforms) = postSolution
		{244A7883-E5B1-4A97-893C-C8321F7129B7}.Debug|Any CPU.ActiveCfg = Debug|Any CPU
		{244A7883-E5B1-4A97-893C-C8321F7129B7}.Debug|Any CPU.Build.0 = Debug|Any CPU
		{244A7883-E5B1-4A97-893C-C8321F7129B7}.Release|Any CPU.ActiveCfg = Release|Any CPU
		{244A7883-E5B1-4A97-893C-C8321F7129B7}.Release|Any CPU.Build.0 = Release|Any CPU
	EndGlobalSection
	GlobalSection(SolutionProperties) = preSolution
		HideSolutionNode = FALSE
	EndGlobalSection
	GlobalSection(ExtensibilityGlobals) = postSolution
		SolutionGuid = {7C987CA1-E302-41CF-AD2D-5FBC9E3621F3}
	EndGlobalSection
EndGlobal
